Microsoft Visual Studio Solution File, Format Version 8.00
Project("{8BC9CEB8-8B4A-11D0-8D11-00A0C91BC942}") = "MelexisCalcReg", "MelexisCalcReg.vcproj", "{81F2D815-0178-4A9C-8AEF-5B99E420EDEC}"
	ProjectSection(ProjectDependencies) = postProject
	EndProjectSection
EndProject
Global
	GlobalSection(SolutionConfiguration) = preSolution
		Debug = Debug
		Release = Release
	EndGlobalSection
	GlobalSection(ProjectConfiguration) = postSolution
		{81F2D815-0178-4A9C-8AEF-5B99E420EDEC}.Debug.ActiveCfg = Debug|Win32
		{81F2D815-0178-4A9C-8AEF-5B99E420EDEC}.Debug.Build.0 = Debug|Win32
		{81F2D815-0178-4A9C-8AEF-5B99E420EDEC}.Release.ActiveCfg = Release|Win32
		{81F2D815-0178-4A9C-8AEF-5B99E420EDEC}.Release.Build.0 = Release|Win32
	EndGlobalSection
	GlobalSection(ExtensibilityGlobals) = postSolution
	EndGlobalSection
	GlobalSection(ExtensibilityAddIns) = postSolution
	EndGlobalSection
EndGlobal
